// !$*UTF8*$!
{
	archiveVersion = 1;
	classes = {
	};
	objectVersion = 77;
	objects = {

/* Begin PBXBuildFile section */
		021B314CBC24DCCD0442A590 /* childhood_schedule.json in Resources */ = {isa = PBXBuildFile; fileRef = 29D48E0571F4DE0DBAD5595B /* childhood_schedule.json */; };
		02233BF160F72DFA449A7914 /* MainTabView.swift in Sources */ = {isa = PBXBuildFile; fileRef = 42AB38C74F42CE6263F507A2 /* MainTabView.swift */; };
		06A57BA81EE9D1246666B8D5 /* Assets.xcassets in Resources */ = {isa = PBXBuildFile; fileRef = 00081A045B18030AA80043FB /* Assets.xcassets */; };
		15ABEA823B2FBF887244DC0F /* AppSettings.swift in Sources */ = {isa = PBXBuildFile; fileRef = 6F009B32B07AFB876D7B6A6A /* AppSettings.swift */; };
		1F80FEF19AFA7F7E0959A8F8 /* travel_vaccines.json in Resources */ = {isa = PBXBuildFile; fileRef = 4E94E0A94113E7147C11176A /* travel_vaccines.json */; };
		28B9A0445ADE8A06556E5DFF /* LockScreenView.swift in Sources */ = {isa = PBXBuildFile; fileRef = 316C4048BDF88311F9DA62F1 /* LockScreenView.swift */; };
		3126A3459946BCD62A14B85F /* LocationManager.swift in Sources */ = {isa = PBXBuildFile; fileRef = B999C375E2D890C176AC961C /* LocationManager.swift */; };
		4867F14E44938FBC241BA030 /* CDCDataManager.swift in Sources */ = {isa = PBXBuildFile; fileRef = 0E59E770F554287F9B165E6A /* CDCDataManager.swift */; };
		4CE0006C13039CF931F4BD63 /* VaxNearApp.swift in Sources */ = {isa = PBXBuildFile; fileRef = 53CBC87FC9DEE2A1135DC04C /* VaxNearApp.swift */; };
		54488F75A081B7A81B100A67 /* VaccineSiteFinderService.swift in Sources */ = {isa = PBXBuildFile; fileRef = 673582925B750CFF357BAFA5 /* VaccineSiteFinderService.swift */; };
		586C755B0C9122D28E66D60C /* vaccine_database.json in Resources */ = {isa = PBXBuildFile; fileRef = FEDB5E63EA298BBD192469DA /* vaccine_database.json */; };
		6A9645E371C2F654AD9BBE67 /* adult_schedule.json in Resources */ = {isa = PBXBuildFile; fileRef = D2131428B735879646517532 /* adult_schedule.json */; };
		724572265A56031C3F7F3EBB /* TravelView.swift in Sources */ = {isa = PBXBuildFile; fileRef = 7F2F9FD092BA49B5D81F2F67 /* TravelView.swift */; };
		74A6CB288FED010A86A8A06E /* VaccinationRecord.swift in Sources */ = {isa = PBXBuildFile; fileRef = ADF5176FC21BB1D93DE797E5 /* VaccinationRecord.swift */; };
		799D2C2B7F7102222D6BE3F2 /* FinderView.swift in Sources */ = {isa = PBXBuildFile; fileRef = C1A77EB650C19A605C93E291 /* FinderView.swift */; };
		83AD3FA032A117E7B1A5284C /* TravelPlan.swift in Sources */ = {isa = PBXBuildFile; fileRef = 7DE303E62FF29BF1074F6CE9 /* TravelPlan.swift */; };
		857280AE225215C71B248125 /* VaccineSite.swift in Sources */ = {isa = PBXBuildFile; fileRef = 46FF929813A0D3F038E19CD6 /* VaccineSite.swift */; };
		CBE66DF3C9B544F7851EBDE9 /* SavedLocation.swift in Sources */ = {isa = PBXBuildFile; fileRef = 184B1297882F9AA366FCCCFF /* SavedLocation.swift */; };
		D4F8600FF07528CD5ED75239 /* SettingsView.swift in Sources */ = {isa = PBXBuildFile; fileRef = DFF11CBF8AF93C028E8B6A81 /* SettingsView.swift */; };
		D922EB96922F5A31D73B6510 /* FamilyProfile.swift in Sources */ = {isa = PBXBuildFile; fileRef = ECCDBCD0112EFB773E147320 /* FamilyProfile.swift */; };
		DE9ADC2BB937055D2A53265A /* SideEffectLog.swift in Sources */ = {isa = PBXBuildFile; fileRef = FBAD6B46DE59A61B7546C6A4 /* SideEffectLog.swift */; };
		E56C0CD419219103805FBDB3 /* RecordsView.swift in Sources */ = {isa = PBXBuildFile; fileRef = A89EE49CC8DDDEFB5685DA77 /* RecordsView.swift */; };
		F364B42D5E30139586938774 /* DataExportService.swift in Sources */ = {isa = PBXBuildFile; fileRef = 65443BEA4D82E4CAC77A1144 /* DataExportService.swift */; };
/* End PBXBuildFile section */

/* Begin PBXFileReference section */
		00081A045B18030AA80043FB /* Assets.xcassets */ = {isa = PBXFileReference; lastKnownFileType = folder.assetcatalog; path = Assets.xcassets; sourceTree = "<group>"; };
		0BB187473ED8E8AF1380A2C0 /* VaxNear.app */ = {isa = PBXFileReference; includeInIndex = 0; lastKnownFileType = wrapper.application; path = VaxNear.app; sourceTree = BUILT_PRODUCTS_DIR; };
		0E59E770F554287F9B165E6A /* CDCDataManager.swift */ = {isa = PBXFileReference; lastKnownFileType = sourcecode.swift; path = CDCDataManager.swift; sourceTree = "<group>"; };
		184B1297882F9AA366FCCCFF /* SavedLocation.swift */ = {isa = PBXFileReference; lastKnownFileType = sourcecode.swift; path = SavedLocation.swift; sourceTree = "<group>"; };
		1F27E0EBCE61D55216B31FA2 /* .gitkeep */ = {isa = PBXFileReference; path = .gitkeep; sourceTree = "<group>"; };
		29D48E0571F4DE0DBAD5595B /* childhood_schedule.json */ = {isa = PBXFileReference; lastKnownFileType = text.json; path = childhood_schedule.json; sourceTree = "<group>"; };
		316C4048BDF88311F9DA62F1 /* LockScreenView.swift */ = {isa = PBXFileReference; lastKnownFileType = sourcecode.swift; path = LockScreenView.swift; sourceTree = "<group>"; };
		42AB38C74F42CE6263F507A2 /* MainTabView.swift */ = {isa = PBXFileReference; lastKnownFileType = sourcecode.swift; path = MainTabView.swift; sourceTree = "<group>"; };
		46FF929813A0D3F038E19CD6 /* VaccineSite.swift */ = {isa = PBXFileReference; lastKnownFileType = sourcecode.swift; path = VaccineSite.swift; sourceTree = "<group>"; };
		4E94E0A94113E7147C11176A /* travel_vaccines.json */ = {isa = PBXFileReference; lastKnownFileType = text.json; path = travel_vaccines.json; sourceTree = "<group>"; };
		53CBC87FC9DEE2A1135DC04C /* VaxNearApp.swift */ = {isa = PBXFileReference; lastKnownFileType = sourcecode.swift; path = VaxNearApp.swift; sourceTree = "<group>"; };
		5CA15E86E7586D2A1CA7CA00 /* .gitkeep */ = {isa = PBXFileReference; path = .gitkeep; sourceTree = "<group>"; };
		622F76F5D91B0FC1C6C3FBB6 /* Info.plist */ = {isa = PBXFileReference; lastKnownFileType = text.plist; path = Info.plist; sourceTree = "<group>"; };
		65443BEA4D82E4CAC77A1144 /* DataExportService.swift */ = {isa = PBXFileReference; lastKnownFileType = sourcecode.swift; path = DataExportService.swift; sourceTree = "<group>"; };
		673582925B750CFF357BAFA5 /* VaccineSiteFinderService.swift */ = {isa = PBXFileReference; lastKnownFileType = sourcecode.swift; path = VaccineSiteFinderService.swift; sourceTree = "<group>"; };
		6B66ACCB6745F99CDEF32E56 /* .gitkeep */ = {isa = PBXFileReference; path = .gitkeep; sourceTree = "<group>"; };
		6F009B32B07AFB876D7B6A6A /* AppSettings.swift */ = {isa = PBXFileReference; lastKnownFileType = sourcecode.swift; path = AppSettings.swift; sourceTree = "<group>"; };
		759A4D94CBA64179849E954E /* VaxNear.entitlements */ = {isa = PBXFileReference; lastKnownFileType = text.plist.entitlements; path = VaxNear.entitlements; sourceTree = "<group>"; };
		7DE303E62FF29BF1074F6CE9 /* TravelPlan.swift */ = {isa = PBXFileReference; lastKnownFileType = sourcecode.swift; path = TravelPlan.swift; sourceTree = "<group>"; };
		7F2F9FD092BA49B5D81F2F67 /* TravelView.swift */ = {isa = PBXFileReference; lastKnownFileType = sourcecode.swift; path = TravelView.swift; sourceTree = "<group>"; };
		A89EE49CC8DDDEFB5685DA77 /* RecordsView.swift */ = {isa = PBXFileReference; lastKnownFileType = sourcecode.swift; path = RecordsView.swift; sourceTree = "<group>"; };
		ADF5176FC21BB1D93DE797E5 /* VaccinationRecord.swift */ = {isa = PBXFileReference; lastKnownFileType = sourcecode.swift; path = VaccinationRecord.swift; sourceTree = "<group>"; };
		B999C375E2D890C176AC961C /* LocationManager.swift */ = {isa = PBXFileReference; lastKnownFileType = sourcecode.swift; path = LocationManager.swift; sourceTree = "<group>"; };
		C1A77EB650C19A605C93E291 /* FinderView.swift */ = {isa = PBXFileReference; lastKnownFileType = sourcecode.swift; path = FinderView.swift; sourceTree = "<group>"; };
		D2131428B735879646517532 /* adult_schedule.json */ = {isa = PBXFileReference; lastKnownFileType = text.json; path = adult_schedule.json; sourceTree = "<group>"; };
		DFF11CBF8AF93C028E8B6A81 /* SettingsView.swift */ = {isa = PBXFileReference; lastKnownFileType = sourcecode.swift; path = SettingsView.swift; sourceTree = "<group>"; };
		ECCDBCD0112EFB773E147320 /* FamilyProfile.swift */ = {isa = PBXFileReference; lastKnownFileType = sourcecode.swift; path = FamilyProfile.swift; sourceTree = "<group>"; };
		FBAD6B46DE59A61B7546C6A4 /* SideEffectLog.swift */ = {isa = PBXFileReference; lastKnownFileType = sourcecode.swift; path = SideEffectLog.swift; sourceTree = "<group>"; };
		FEDB5E63EA298BBD192469DA /* vaccine_database.json */ = {isa = PBXFileReference; lastKnownFileType = text.json; path = vaccine_database.json; sourceTree = "<group>"; };
/* End PBXFileReference section */

/* Begin PBXGroup section */
		6A501A60EA48C2F5EFF6AE70 /* Travel */ = {
			isa = PBXGroup;
			children = (
				7F2F9FD092BA49B5D81F2F67 /* TravelView.swift */,
			);
			path = Travel;
			sourceTree = "<group>";
		};
		6A76844577D8DA9346C687E7 /* Settings */ = {
			isa = PBXGroup;
			children = (
				DFF11CBF8AF93C028E8B6A81 /* SettingsView.swift */,
			);
			path = Settings;
			sourceTree = "<group>";
		};
		73C62B062F9A829661BC32D6 /* Shared */ = {
			isa = PBXGroup;
			children = (
				316C4048BDF88311F9DA62F1 /* LockScreenView.swift */,
				42AB38C74F42CE6263F507A2 /* MainTabView.swift */,
			);
			path = Shared;
			sourceTree = "<group>";
		};
		75F691C31CD6BE12FB0A099F /* Utilities */ = {
			isa = PBXGroup;
			children = (
				1F27E0EBCE61D55216B31FA2 /* .gitkeep */,
			);
			path = Utilities;
			sourceTree = "<group>";
		};
		780E0EEEA1B792693A666313 /* VaxNear */ = {
			isa = PBXGroup;
			children = (
				00081A045B18030AA80043FB /* Assets.xcassets */,
				622F76F5D91B0FC1C6C3FBB6 /* Info.plist */,
				759A4D94CBA64179849E954E /* VaxNear.entitlements */,
				53CBC87FC9DEE2A1135DC04C /* VaxNearApp.swift */,
				9EEC9FC4B0ED4F748CD213F6 /* Models */,
				88C17A4645C6C05298C0433A /* Resources */,
				8D81CA63BDC8C530185B4FDE /* Services */,
				75F691C31CD6BE12FB0A099F /* Utilities */,
				DAD98CC0273C66F2F7C46647 /* Views */,
			);
			path = VaxNear;
			sourceTree = "<group>";
		};
		88C17A4645C6C05298C0433A /* Resources */ = {
			isa = PBXGroup;
			children = (
				9742C5D69847D4D4053DC5AF /* CDCData */,
			);
			path = Resources;
			sourceTree = "<group>";
		};
		8D81CA63BDC8C530185B4FDE /* Services */ = {
			isa = PBXGroup;
			children = (
				0E59E770F554287F9B165E6A /* CDCDataManager.swift */,
				65443BEA4D82E4CAC77A1144 /* DataExportService.swift */,
				B999C375E2D890C176AC961C /* LocationManager.swift */,
				673582925B750CFF357BAFA5 /* VaccineSiteFinderService.swift */,
			);
			path = Services;
			sourceTree = "<group>";
		};
		9742C5D69847D4D4053DC5AF /* CDCData */ = {
			isa = PBXGroup;
			children = (
				D2131428B735879646517532 /* adult_schedule.json */,
				29D48E0571F4DE0DBAD5595B /* childhood_schedule.json */,
				4E94E0A94113E7147C11176A /* travel_vaccines.json */,
				FEDB5E63EA298BBD192469DA /* vaccine_database.json */,
			);
			path = CDCData;
			sourceTree = "<group>";
		};
		99CCD8DC188AD8B86035F20C /* Records */ = {
			isa = PBXGroup;
			children = (
				A89EE49CC8DDDEFB5685DA77 /* RecordsView.swift */,
			);
			path = Records;
			sourceTree = "<group>";
		};
		9EEC9FC4B0ED4F748CD213F6 /* Models */ = {
			isa = PBXGroup;
			children = (
				6F009B32B07AFB876D7B6A6A /* AppSettings.swift */,
				ECCDBCD0112EFB773E147320 /* FamilyProfile.swift */,
				184B1297882F9AA366FCCCFF /* SavedLocation.swift */,
				FBAD6B46DE59A61B7546C6A4 /* SideEffectLog.swift */,
				7DE303E62FF29BF1074F6CE9 /* TravelPlan.swift */,
				ADF5176FC21BB1D93DE797E5 /* VaccinationRecord.swift */,
				46FF929813A0D3F038E19CD6 /* VaccineSite.swift */,
			);
			path = Models;
			sourceTree = "<group>";
		};
		A5600B63F1E15FCFB05F24E7 /* Products */ = {
			isa = PBXGroup;
			children = (
				0BB187473ED8E8AF1380A2C0 /* VaxNear.app */,
			);
			name = Products;
			sourceTree = "<group>";
		};
		B07BD35988FA20688C84DED0 /* Family */ = {
			isa = PBXGroup;
			children = (
				6B66ACCB6745F99CDEF32E56 /* .gitkeep */,
			);
			path = Family;
			sourceTree = "<group>";
		};
		BE518B81FD58D57D9A4D112F /* Onboarding */ = {
			isa = PBXGroup;
			children = (
				5CA15E86E7586D2A1CA7CA00 /* .gitkeep */,
			);
			path = Onboarding;
			sourceTree = "<group>";
		};
		CCB204E64F582A13E468BDE7 = {
			isa = PBXGroup;
			children = (
				780E0EEEA1B792693A666313 /* VaxNear */,
				A5600B63F1E15FCFB05F24E7 /* Products */,
			);
			sourceTree = "<group>";
		};
		DAD98CC0273C66F2F7C46647 /* Views */ = {
			isa = PBXGroup;
			children = (
				B07BD35988FA20688C84DED0 /* Family */,
				EF9C718EE672AD54F2485005 /* Finder */,
				BE518B81FD58D57D9A4D112F /* Onboarding */,
				99CCD8DC188AD8B86035F20C /* Records */,
				6A76844577D8DA9346C687E7 /* Settings */,
				73C62B062F9A829661BC32D6 /* Shared */,
				6A501A60EA48C2F5EFF6AE70 /* Travel */,
			);
			path = Views;
			sourceTree = "<group>";
		};
		EF9C718EE672AD54F2485005 /* Finder */ = {
			isa = PBXGroup;
			children = (
				C1A77EB650C19A605C93E291 /* FinderView.swift */,
			);
			path = Finder;
			sourceTree = "<group>";
		};
/* End PBXGroup section */

/* Begin PBXNativeTarget section */
		8B7DA47E6DF18BFA18621268 /* VaxNear */ = {
			isa = PBXNativeTarget;
			buildConfigurationList = 1442A5CD483E158B0D71699F /* Build configuration list for PBXNativeTarget "VaxNear" */;
			buildPhases = (
				BD742BAA69E628CAECA5381C /* Sources */,
				D33BA347F272BC4443B8C4B6 /* Resources */,
			);
			buildRules = (
			);
			dependencies = (
			);
			name = VaxNear;
			packageProductDependencies = (
			);
			productName = VaxNear;
			productReference = 0BB187473ED8E8AF1380A2C0 /* VaxNear.app */;
			productType = "com.apple.product-type.application";
		};
/* End PBXNativeTarget section */

/* Begin PBXProject section */
		2F6F4ADFB43247A3901EBABF /* Project object */ = {
			isa = PBXProject;
			attributes = {
				BuildIndependentTargetsInParallel = YES;
				LastUpgradeCheck = 1600;
			};
			buildConfigurationList = A2DA524736CE1EA16A87F319 /* Build configuration list for PBXProject "VaxNear" */;
			compatibilityVersion = "Xcode 14.0";
			developmentRegion = en;
			hasScannedForEncodings = 0;
			knownRegions = (
				Base,
				en,
			);
			mainGroup = CCB204E64F582A13E468BDE7;
			minimizedProjectReferenceProxies = 1;
			preferredProjectObjectVersion = 77;
			projectDirPath = "";
			projectRoot = "";
			targets = (
				8B7DA47E6DF18BFA18621268 /* VaxNear */,
			);
		};
/* End PBXProject section */

/* Begin PBXResourcesBuildPhase section */
		D33BA347F272BC4443B8C4B6 /* Resources */ = {
			isa = PBXResourcesBuildPhase;
			buildActionMask = 2147483647;
			files = (
				06A57BA81EE9D1246666B8D5 /* Assets.xcassets in Resources */,
				6A9645E371C2F654AD9BBE67 /* adult_schedule.json in Resources */,
				021B314CBC24DCCD0442A590 /* childhood_schedule.json in Resources */,
				1F80FEF19AFA7F7E0959A8F8 /* travel_vaccines.json in Resources */,
				586C755B0C9122D28E66D60C /* vaccine_database.json in Resources */,
			);
			runOnlyForDeploymentPostprocessing = 0;
		};
/* End PBXResourcesBuildPhase section */

/* Begin PBXSourcesBuildPhase section */
		BD742BAA69E628CAECA5381C /* Sources */ = {
			isa = PBXSourcesBuildPhase;
			buildActionMask = 2147483647;
			files = (
				15ABEA823B2FBF887244DC0F /* AppSettings.swift in Sources */,
				4867F14E44938FBC241BA030 /* CDCDataManager.swift in Sources */,
				F364B42D5E30139586938774 /* DataExportService.swift in Sources */,
				D922EB96922F5A31D73B6510 /* FamilyProfile.swift in Sources */,
				799D2C2B7F7102222D6BE3F2 /* FinderView.swift in Sources */,
				3126A3459946BCD62A14B85F /* LocationManager.swift in Sources */,
				28B9A0445ADE8A06556E5DFF /* LockScreenView.swift in Sources */,
				02233BF160F72DFA449A7914 /* MainTabView.swift in Sources */,
				E56C0CD419219103805FBDB3 /* RecordsView.swift in Sources */,
				CBE66DF3C9B544F7851EBDE9 /* SavedLocation.swift in Sources */,
				D4F8600FF07528CD5ED75239 /* SettingsView.swift in Sources */,
				DE9ADC2BB937055D2A53265A /* SideEffectLog.swift in Sources */,
				83AD3FA032A117E7B1A5284C /* TravelPlan.swift in Sources */,
				724572265A56031C3F7F3EBB /* TravelView.swift in Sources */,
				74A6CB288FED010A86A8A06E /* VaccinationRecord.swift in Sources */,
				857280AE225215C71B248125 /* VaccineSite.swift in Sources */,
				54488F75A081B7A81B100A67 /* VaccineSiteFinderService.swift in Sources */,
				4CE0006C13039CF931F4BD63 /* VaxNearApp.swift in Sources */,
			);
			runOnlyForDeploymentPostprocessing = 0;
		};
/* End PBXSourcesBuildPhase section */

/* Begin XCBuildConfiguration section */
		276E0C3CAFB0E78699AF810B /* Release */ = {
			isa = XCBuildConfiguration;
			buildSettings = {
				ASSETCATALOG_COMPILER_APPICON_NAME = AppIcon;
				ASSETCATALOG_COMPILER_GLOBAL_ACCENT_COLOR_NAME = AccentColor;
				CODE_SIGN_ENTITLEMENTS = VaxNear/VaxNear.entitlements;
				CODE_SIGN_IDENTITY = "iPhone Developer";
				CURRENT_PROJECT_VERSION = 1;
				INFOPLIST_FILE = VaxNear/Info.plist;
				LD_RUNPATH_SEARCH_PATHS = (
					"$(inherited)",
					"@executable_path/Frameworks",
				);
				MARKETING_VERSION = 1.0.0;
				PRODUCT_BUNDLE_IDENTIFIER = com.chadnewbry.vaxnear;
				SDKROOT = iphoneos;
				SWIFT_VERSION = 5.9;
				TARGETED_DEVICE_FAMILY = "1,2";
			};
			name = Release;
		};
		4D365E40F840F000B357DA42 /* Debug */ = {
			isa = XCBuildConfiguration;
			buildSettings = {
				ASSETCATALOG_COMPILER_APPICON_NAME = AppIcon;
				ASSETCATALOG_COMPILER_GLOBAL_ACCENT_COLOR_NAME = AccentColor;
				CODE_SIGN_ENTITLEMENTS = VaxNear/VaxNear.entitlements;
				CODE_SIGN_IDENTITY = "iPhone Developer";
				CURRENT_PROJECT_VERSION = 1;
				INFOPLIST_FILE = VaxNear/Info.plist;
				LD_RUNPATH_SEARCH_PATHS = (
					"$(inherited)",
					"@executable_path/Frameworks",
				);
				MARKETING_VERSION = 1.0.0;
				PRODUCT_BUNDLE_IDENTIFIER = com.chadnewbry.vaxnear;
				SDKROOT = iphoneos;
				SWIFT_VERSION = 5.9;
				TARGETED_DEVICE_FAMILY = "1,2";
			};
			name = Debug;
		};
		64208F071FADF632D1DE6BC6 /* Debug */ = {
			isa = XCBuildConfiguration;
			buildSettings = {
				ALWAYS_SEARCH_USER_PATHS = NO;
				CLANG_ANALYZER_NONNULL = YES;
				CLANG_ANALYZER_NUMBER_OBJECT_CONVERSION = YES_AGGRESSIVE;
				CLANG_CXX_LANGUAGE_STANDARD = "gnu++14";
				CLANG_CXX_LIBRARY = "libc++";
				CLANG_ENABLE_MODULES = YES;
				CLANG_ENABLE_OBJC_ARC = YES;
				CLANG_ENABLE_OBJC_WEAK = YES;
				CLANG_WARN_BLOCK_CAPTURE_AUTORELEASING = YES;
				CLANG_WARN_BOOL_CONVERSION = YES;
				CLANG_WARN_COMMA = YES;
				CLANG_WARN_CONSTANT_CONVERSION = YES;
				CLANG_WARN_DEPRECATED_OBJC_IMPLEMENTATIONS = YES;
				CLANG_WARN_DIRECT_OBJC_ISA_USAGE = YES_ERROR;
				CLANG_WARN_DOCUMENTATION_COMMENTS = YES;
				CLANG_WARN_EMPTY_BODY = YES;
				CLANG_WARN_ENUM_CONVERSION = YES;
				CLANG_WARN_INFINITE_RECURSION = YES;
				CLANG_WARN_INT_CONVERSION = YES;
				CLANG_WARN_NON_LITERAL_NULL_CONVERSION = YES;
				CLANG_WARN_OBJC_IMPLICIT_RETAIN_SELF = YES;
				CLANG_WARN_OBJC_LITERAL_CONVERSION = YES;
				CLANG_WARN_OBJC_ROOT_CLASS = YES_ERROR;
				CLANG_WARN_QUOTED_INCLUDE_IN_FRAMEWORK_HEADER = YES;
				CLANG_WARN_RANGE_LOOP_ANALYSIS = YES;
				CLANG_WARN_STRICT_PROTOTYPES = YES;
				CLANG_WARN_SUSPICIOUS_MOVE = YES;
				CLANG_WARN_UNGUARDED_AVAILABILITY = YES_AGGRESSIVE;
				CLANG_WARN_UNREACHABLE_CODE = YES;
				CLANG_WARN__DUPLICATE_METHOD_MATCH = YES;
				COPY_PHASE_STRIP = NO;
				DEBUG_INFORMATION_FORMAT = dwarf;
				ENABLE_STRICT_OBJC_MSGSEND = YES;
				ENABLE_TESTABILITY = YES;
				GCC_C_LANGUAGE_STANDARD = gnu11;
				GCC_DYNAMIC_NO_PIC = NO;
				GCC_NO_COMMON_BLOCKS = YES;
				GCC_OPTIMIZATION_LEVEL = 0;
				GCC_PREPROCESSOR_DEFINITIONS = (
					"$(inherited)",
					"DEBUG=1",
				);
				GCC_WARN_64_TO_32_BIT_CONVERSION = YES;
				GCC_WARN_ABOUT_RETURN_TYPE = YES_ERROR;
				GCC_WARN_UNDECLARED_SELECTOR = YES;
				GCC_WARN_UNINITIALIZED_AUTOS = YES_AGGRESSIVE;
				GCC_WARN_UNUSED_FUNCTION = YES;
				GCC_WARN_UNUSED_VARIABLE = YES;
				IPHONEOS_DEPLOYMENT_TARGET = 17.0;
				MTL_ENABLE_DEBUG_INFO = INCLUDE_SOURCE;
				MTL_FAST_MATH = YES;
				ONLY_ACTIVE_ARCH = YES;
				PRODUCT_NAME = "$(TARGET_NAME)";
				SDKROOT = iphoneos;
				SWIFT_ACTIVE_COMPILATION_CONDITIONS = DEBUG;
				SWIFT_OPTIMIZATION_LEVEL = "-Onone";
				SWIFT_VERSION = 5.0;
			};
			name = Debug;
		};
		A9FE97E2E9E2EBDA4F3CA1B9 /* Release */ = {
			isa = XCBuildConfiguration;
			buildSettings = {
				ALWAYS_SEARCH_USER_PATHS = NO;
				CLANG_ANALYZER_NONNULL = YES;
				CLANG_ANALYZER_NUMBER_OBJECT_CONVERSION = YES_AGGRESSIVE;
				CLANG_CXX_LANGUAGE_STANDARD = "gnu++14";
				CLANG_CXX_LIBRARY = "libc++";
				CLANG_ENABLE_MODULES = YES;
				CLANG_ENABLE_OBJC_ARC = YES;
				CLANG_ENABLE_OBJC_WEAK = YES;
				CLANG_WARN_BLOCK_CAPTURE_AUTORELEASING = YES;
				CLANG_WARN_BOOL_CONVERSION = YES;
				CLANG_WARN_COMMA = YES;
				CLANG_WARN_CONSTANT_CONVERSION = YES;
				CLANG_WARN_DEPRECATED_OBJC_IMPLEMENTATIONS = YES;
				CLANG_WARN_DIRECT_OBJC_ISA_USAGE = YES_ERROR;
				CLANG_WARN_DOCUMENTATION_COMMENTS = YES;
				CLANG_WARN_EMPTY_BODY = YES;
				CLANG_WARN_ENUM_CONVERSION = YES;
				CLANG_WARN_INFINITE_RECURSION = YES;
				CLANG_WARN_INT_CONVERSION = YES;
				CLANG_WARN_NON_LITERAL_NULL_CONVERSION = YES;
				CLANG_WARN_OBJC_IMPLICIT_RETAIN_SELF = YES;
				CLANG_WARN_OBJC_LITERAL_CONVERSION = YES;
				CLANG_WARN_OBJC_ROOT_CLASS = YES_ERROR;
				CLANG_WARN_QUOTED_INCLUDE_IN_FRAMEWORK_HEADER = YES;
				CLANG_WARN_RANGE_LOOP_ANALYSIS = YES;
				CLANG_WARN_STRICT_PROTOTYPES = YES;
				CLANG_WARN_SUSPICIOUS_MOVE = YES;
				CLANG_WARN_UNGUARDED_AVAILABILITY = YES_AGGRESSIVE;
				CLANG_WARN_UNREACHABLE_CODE = YES;
				CLANG_WARN__DUPLICATE_METHOD_MATCH = YES;
				COPY_PHASE_STRIP = NO;
				DEBUG_INFORMATION_FORMAT = "dwarf-with-dsym";
				ENABLE_NS_ASSERTIONS = NO;
				ENABLE_STRICT_OBJC_MSGSEND = YES;
				GCC_C_LANGUAGE_STANDARD = gnu11;
				GCC_NO_COMMON_BLOCKS = YES;
				GCC_WARN_64_TO_32_BIT_CONVERSION = YES;
				GCC_WARN_ABOUT_RETURN_TYPE = YES_ERROR;
				GCC_WARN_UNDECLARED_SELECTOR = YES;
				GCC_WARN_UNINITIALIZED_AUTOS = YES_AGGRESSIVE;
				GCC_WARN_UNUSED_FUNCTION = YES;
				GCC_WARN_UNUSED_VARIABLE = YES;
				IPHONEOS_DEPLOYMENT_TARGET = 17.0;
				MTL_ENABLE_DEBUG_INFO = NO;
				MTL_FAST_MATH = YES;
				PRODUCT_NAME = "$(TARGET_NAME)";
				SDKROOT = iphoneos;
				SWIFT_COMPILATION_MODE = wholemodule;
				SWIFT_OPTIMIZATION_LEVEL = "-O";
				SWIFT_VERSION = 5.0;
			};
			name = Release;
		};
/* End XCBuildConfiguration section */

/* Begin XCConfigurationList section */
		1442A5CD483E158B0D71699F /* Build configuration list for PBXNativeTarget "VaxNear" */ = {
			isa = XCConfigurationList;
			buildConfigurations = (
				4D365E40F840F000B357DA42 /* Debug */,
				276E0C3CAFB0E78699AF810B /* Release */,
			);
			defaultConfigurationIsVisible = 0;
			defaultConfigurationName = Debug;
		};
		A2DA524736CE1EA16A87F319 /* Build configuration list for PBXProject "VaxNear" */ = {
			isa = XCConfigurationList;
			buildConfigurations = (
				64208F071FADF632D1DE6BC6 /* Debug */,
				A9FE97E2E9E2EBDA4F3CA1B9 /* Release */,
			);
			defaultConfigurationIsVisible = 0;
			defaultConfigurationName = Debug;
		};
/* End XCConfigurationList section */
	};
	rootObject = 2F6F4ADFB43247A3901EBABF /* Project object */;
}
