// !$*UTF8*$!
{
	archiveVersion = 1;
	classes = {
	};
	objectVersion = 77;
	objects = {

/* Begin PBXBuildFile section */
		06A57BA81EE9D1246666B8D5 /* Assets.xcassets in Resources */ = {isa = PBXBuildFile; fileRef = 00081A045B18030AA80043FB /* Assets.xcassets */; };
		BC13483CD7092FD43759E702 /* adult_schedule.json in Resources */ = {isa = PBXBuildFile; fileRef = 4C4E193B5175E0B8259CDA6A /* adult_schedule.json */; };
		B733366798A647A8D37B906D /* childhood_schedule.json in Resources */ = {isa = PBXBuildFile; fileRef = 43A6AA2D5E09399D02F3A15D /* childhood_schedule.json */; };
		27B5057149CA2A5D53C6F3FA /* travel_vaccines.json in Resources */ = {isa = PBXBuildFile; fileRef = C9F86B455693A12BDD2F99AD /* travel_vaccines.json */; };
		40FF9EA4349F641324EBF3A1 /* vaccine_database.json in Resources */ = {isa = PBXBuildFile; fileRef = AC251CD71D10AB58C95EFB5C /* vaccine_database.json */; };
		55B39C71917032A03813FE38 /* AppSettings.swift in Sources */ = {isa = PBXBuildFile; fileRef = 9DD5706072CEC19F80A9D981 /* AppSettings.swift */; };
		359E6E6061B28C56406E7574 /* FamilyProfile.swift in Sources */ = {isa = PBXBuildFile; fileRef = 47C12DBF0450B53587FDD0E7 /* FamilyProfile.swift */; };
		E1F220B4F9ECE2C09F3C06B5 /* SavedLocation.swift in Sources */ = {isa = PBXBuildFile; fileRef = 3706FCEFCE38F65B16F6A9E8 /* SavedLocation.swift */; };
		C81606FB5087F7D62997B3DD /* ScheduledReminder.swift in Sources */ = {isa = PBXBuildFile; fileRef = A08F142F0FCE498EAAB586C8 /* ScheduledReminder.swift */; };
		93E1476B3CE919D0A4F7FA86 /* SideEffectLog.swift in Sources */ = {isa = PBXBuildFile; fileRef = EB131F287F5800F757DDF9AD /* SideEffectLog.swift */; };
		FF1704FBBF66572CF41ABE17 /* TravelPlan.swift in Sources */ = {isa = PBXBuildFile; fileRef = 1BE0C50C8F0C3A46A55D58ED /* TravelPlan.swift */; };
		7CE3FA5858ADD78C66CD0AA2 /* VaccinationRecord.swift in Sources */ = {isa = PBXBuildFile; fileRef = DB8E3C76BF415F5A51898C45 /* VaccinationRecord.swift */; };
		08899050CE9B09C34791222D /* VaccineSite.swift in Sources */ = {isa = PBXBuildFile; fileRef = EFE332FD6A0C433D214DB9E6 /* VaccineSite.swift */; };
		D154B89E7DF92B77C87AF461 /* CDCDataManager.swift in Sources */ = {isa = PBXBuildFile; fileRef = 72F6371D764A6F9A19C3AD14 /* CDCDataManager.swift */; };
		CBE89DBB02743107AF90A6F4 /* DataExportService.swift in Sources */ = {isa = PBXBuildFile; fileRef = 98B88534B2E59865383910D9 /* DataExportService.swift */; };
		F3FFAFD12E7E091D5D353D52 /* HealthKitManager.swift in Sources */ = {isa = PBXBuildFile; fileRef = 0E3DF1D3D98BFD34754BF05F /* HealthKitManager.swift */; };
		A1B2C3D4E5F60002 /* SyncManager.swift in Sources */ = {isa = PBXBuildFile; fileRef = A1B2C3D4E5F60001 /* SyncManager.swift */; };
		06F39D947BEF816879D76FF5 /* LocationManager.swift in Sources */ = {isa = PBXBuildFile; fileRef = 21645143130B47088F64071F /* LocationManager.swift */; };
		A5A2EC77983617AA949D2D9E /* NotificationManager.swift in Sources */ = {isa = PBXBuildFile; fileRef = 930711783BB9C5A268D99AE5 /* NotificationManager.swift */; };
		5B8469F397E921D3C2AC2A70 /* VaccineSiteFinderService.swift in Sources */ = {isa = PBXBuildFile; fileRef = 5FF9A0982DABF7ABB4D81C96 /* VaccineSiteFinderService.swift */; };
		D12E4102FE2ED9B71D0CAE80 /* WalletPassManager.swift in Sources */ = {isa = PBXBuildFile; fileRef = E3063922AA181F6AB286C496 /* WalletPassManager.swift */; };
		54C3477A81EA78008E6CFCD8 /* ProfileColors.swift in Sources */ = {isa = PBXBuildFile; fileRef = D88D7A17AFAD7ADBA3E7E4B9 /* ProfileColors.swift */; };
		E127AA6C9D0A5B8D7D875612 /* VaxNearApp.swift in Sources */ = {isa = PBXBuildFile; fileRef = 8B0E687566BCC96E82D09265 /* VaxNearApp.swift */; };
		4F4DA44F847BCF6026B09B3A /* FinderViewModel.swift in Sources */ = {isa = PBXBuildFile; fileRef = BB35167D99D26B71BB9EDFD4 /* FinderViewModel.swift */; };
		BC4393A98E02572F1F82F756 /* AddEditProfileView.swift in Sources */ = {isa = PBXBuildFile; fileRef = 2D5A00C1B16CC55DF144A2C1 /* AddEditProfileView.swift */; };
		D4930253311EA4B43A57A842 /* ChildImmunizationScheduleView.swift in Sources */ = {isa = PBXBuildFile; fileRef = F9B40AB27F5569CA82327A9D /* ChildImmunizationScheduleView.swift */; };
		EF3D2420DEB4AD9B2C4971F9 /* FamilyProfilesView.swift in Sources */ = {isa = PBXBuildFile; fileRef = 443EEC6BDBF50CC56C8B9ADD /* FamilyProfilesView.swift */; };
		D30A8C5580A24053CEDFB384 /* ProfileDetailView.swift in Sources */ = {isa = PBXBuildFile; fileRef = 3D6C758570A3545B4E269E97 /* ProfileDetailView.swift */; };
		C0D248F23F642BBA46E7C647 /* ShareProfileSheet.swift in Sources */ = {isa = PBXBuildFile; fileRef = 0599B4043D02D3CFFD41171F /* ShareProfileSheet.swift */; };
		71AF269444B6FA9B316636F8 /* FavoritesView.swift in Sources */ = {isa = PBXBuildFile; fileRef = 167AA6BF5AB6B0FFC3E7E22D /* FavoritesView.swift */; };
		14990F68B1361F0B7FCCE84F /* FinderView.swift in Sources */ = {isa = PBXBuildFile; fileRef = 85EE00D21849952809217BBC /* FinderView.swift */; };
		41E3E6B5C7CE0F1E652F6362 /* SiteDetailView.swift in Sources */ = {isa = PBXBuildFile; fileRef = 35FE8AFED46DB67A83C03861 /* SiteDetailView.swift */; };
		185AFEB2F9C5E883E4173255 /* AddRecordView.swift in Sources */ = {isa = PBXBuildFile; fileRef = AF4625768FF995C7776C3BB2 /* AddRecordView.swift */; };
				A1B2C3D4E5F6789012345602 /* RecordDetailView.swift in Sources */,
				A1B2C3D4E5F6789012345604 /* AddSideEffectView.swift in Sources */,
				A1B2C3D4E5F6789012345606 /* QRScannerView.swift in Sources */,
				A1B2C3D4E5F6789012345601 /* RecordDetailView.swift */,
				A1B2C3D4E5F6789012345603 /* AddSideEffectView.swift */,
				A1B2C3D4E5F6789012345605 /* QRScannerView.swift */,
		A1B2C3D4E5F6789012345602 /* RecordDetailView.swift in Sources */ = {isa = PBXBuildFile; fileRef = A1B2C3D4E5F6789012345601 /* RecordDetailView.swift */; };
		A1B2C3D4E5F6789012345604 /* AddSideEffectView.swift in Sources */ = {isa = PBXBuildFile; fileRef = A1B2C3D4E5F6789012345603 /* AddSideEffectView.swift */; };
		A1B2C3D4E5F6789012345606 /* QRScannerView.swift in Sources */ = {isa = PBXBuildFile; fileRef = A1B2C3D4E5F6789012345605 /* QRScannerView.swift */; };
		F3E5570E23248C1A1E39DC86 /* RecordsView.swift in Sources */ = {isa = PBXBuildFile; fileRef = 0F060CD3A311B0E8C25094C8 /* RecordsView.swift */; };
		BBA4AA96F1D30A490BA703F5 /* SettingsView.swift in Sources */ = {isa = PBXBuildFile; fileRef = 5066505EF683798B0A4951F5 /* SettingsView.swift */; };
		D0F2002B63F04B12D95E1BE4 /* LockScreenView.swift in Sources */ = {isa = PBXBuildFile; fileRef = 72F7F7A040B3588A24E75CDC /* LockScreenView.swift */; };
		CF743982BB00FD8CAB23E51C /* MainTabView.swift in Sources */ = {isa = PBXBuildFile; fileRef = 8B3ACE88D7E3C26F4DDB8ECB /* MainTabView.swift */; };
		6010BA52BDE0349BE3630701 /* TravelView.swift in Sources */ = {isa = PBXBuildFile; fileRef = 9F4A759B350CB835CC047FCC /* TravelView.swift */; };
/* End PBXBuildFile section */

/* Begin PBXFileReference section */
		00081A045B18030AA80043FB /* Assets.xcassets */ = {isa = PBXFileReference; lastKnownFileType = folder.assetcatalog; path = Assets.xcassets; sourceTree = "<group>"; };
		0BB187473ED8E8AF1380A2C0 /* VaxNear.app */ = {isa = PBXFileReference; includeInIndex = 0; lastKnownFileType = wrapper.application; path = VaxNear.app; sourceTree = BUILT_PRODUCTS_DIR; };
		622F76F5D91B0FC1C6C3FBB6 /* Info.plist */ = {isa = PBXFileReference; lastKnownFileType = text.plist; path = Info.plist; sourceTree = "<group>"; };
		759A4D94CBA64179849E954E /* VaxNear.entitlements */ = {isa = PBXFileReference; lastKnownFileType = text.plist.entitlements; path = VaxNear.entitlements; sourceTree = "<group>"; };
		5CA15E86E7586D2A1CA7CA00 /* .gitkeep */ = {isa = PBXFileReference; path = .gitkeep; sourceTree = "<group>"; };
		4C4E193B5175E0B8259CDA6A /* adult_schedule.json */ = {isa = PBXFileReference; lastKnownFileType = text.json; path = adult_schedule.json; sourceTree = "<group>"; };
		43A6AA2D5E09399D02F3A15D /* childhood_schedule.json */ = {isa = PBXFileReference; lastKnownFileType = text.json; path = childhood_schedule.json; sourceTree = "<group>"; };
		C9F86B455693A12BDD2F99AD /* travel_vaccines.json */ = {isa = PBXFileReference; lastKnownFileType = text.json; path = travel_vaccines.json; sourceTree = "<group>"; };
		AC251CD71D10AB58C95EFB5C /* vaccine_database.json */ = {isa = PBXFileReference; lastKnownFileType = text.json; path = vaccine_database.json; sourceTree = "<group>"; };
		9DD5706072CEC19F80A9D981 /* AppSettings.swift */ = {isa = PBXFileReference; lastKnownFileType = sourcecode.swift; path = AppSettings.swift; sourceTree = "<group>"; };
		47C12DBF0450B53587FDD0E7 /* FamilyProfile.swift */ = {isa = PBXFileReference; lastKnownFileType = sourcecode.swift; path = FamilyProfile.swift; sourceTree = "<group>"; };
		3706FCEFCE38F65B16F6A9E8 /* SavedLocation.swift */ = {isa = PBXFileReference; lastKnownFileType = sourcecode.swift; path = SavedLocation.swift; sourceTree = "<group>"; };
		A08F142F0FCE498EAAB586C8 /* ScheduledReminder.swift */ = {isa = PBXFileReference; lastKnownFileType = sourcecode.swift; path = ScheduledReminder.swift; sourceTree = "<group>"; };
		EB131F287F5800F757DDF9AD /* SideEffectLog.swift */ = {isa = PBXFileReference; lastKnownFileType = sourcecode.swift; path = SideEffectLog.swift; sourceTree = "<group>"; };
		1BE0C50C8F0C3A46A55D58ED /* TravelPlan.swift */ = {isa = PBXFileReference; lastKnownFileType = sourcecode.swift; path = TravelPlan.swift; sourceTree = "<group>"; };
		DB8E3C76BF415F5A51898C45 /* VaccinationRecord.swift */ = {isa = PBXFileReference; lastKnownFileType = sourcecode.swift; path = VaccinationRecord.swift; sourceTree = "<group>"; };
		EFE332FD6A0C433D214DB9E6 /* VaccineSite.swift */ = {isa = PBXFileReference; lastKnownFileType = sourcecode.swift; path = VaccineSite.swift; sourceTree = "<group>"; };
		72F6371D764A6F9A19C3AD14 /* CDCDataManager.swift */ = {isa = PBXFileReference; lastKnownFileType = sourcecode.swift; path = CDCDataManager.swift; sourceTree = "<group>"; };
		98B88534B2E59865383910D9 /* DataExportService.swift */ = {isa = PBXFileReference; lastKnownFileType = sourcecode.swift; path = DataExportService.swift; sourceTree = "<group>"; };
		0E3DF1D3D98BFD34754BF05F /* HealthKitManager.swift */ = {isa = PBXFileReference; lastKnownFileType = sourcecode.swift; path = HealthKitManager.swift; sourceTree = "<group>"; };
		A1B2C3D4E5F60001 /* SyncManager.swift */ = {isa = PBXFileReference; lastKnownFileType = sourcecode.swift; path = SyncManager.swift; sourceTree = "<group>"; };
		21645143130B47088F64071F /* LocationManager.swift */ = {isa = PBXFileReference; lastKnownFileType = sourcecode.swift; path = LocationManager.swift; sourceTree = "<group>"; };
		930711783BB9C5A268D99AE5 /* NotificationManager.swift */ = {isa = PBXFileReference; lastKnownFileType = sourcecode.swift; path = NotificationManager.swift; sourceTree = "<group>"; };
		5FF9A0982DABF7ABB4D81C96 /* VaccineSiteFinderService.swift */ = {isa = PBXFileReference; lastKnownFileType = sourcecode.swift; path = VaccineSiteFinderService.swift; sourceTree = "<group>"; };
		E3063922AA181F6AB286C496 /* WalletPassManager.swift */ = {isa = PBXFileReference; lastKnownFileType = sourcecode.swift; path = WalletPassManager.swift; sourceTree = "<group>"; };
		D88D7A17AFAD7ADBA3E7E4B9 /* ProfileColors.swift */ = {isa = PBXFileReference; lastKnownFileType = sourcecode.swift; path = ProfileColors.swift; sourceTree = "<group>"; };
		8B0E687566BCC96E82D09265 /* VaxNearApp.swift */ = {isa = PBXFileReference; lastKnownFileType = sourcecode.swift; path = VaxNearApp.swift; sourceTree = "<group>"; };
		BB35167D99D26B71BB9EDFD4 /* FinderViewModel.swift */ = {isa = PBXFileReference; lastKnownFileType = sourcecode.swift; path = FinderViewModel.swift; sourceTree = "<group>"; };
		2D5A00C1B16CC55DF144A2C1 /* AddEditProfileView.swift */ = {isa = PBXFileReference; lastKnownFileType = sourcecode.swift; path = AddEditProfileView.swift; sourceTree = "<group>"; };
		F9B40AB27F5569CA82327A9D /* ChildImmunizationScheduleView.swift */ = {isa = PBXFileReference; lastKnownFileType = sourcecode.swift; path = ChildImmunizationScheduleView.swift; sourceTree = "<group>"; };
		443EEC6BDBF50CC56C8B9ADD /* FamilyProfilesView.swift */ = {isa = PBXFileReference; lastKnownFileType = sourcecode.swift; path = FamilyProfilesView.swift; sourceTree = "<group>"; };
		3D6C758570A3545B4E269E97 /* ProfileDetailView.swift */ = {isa = PBXFileReference; lastKnownFileType = sourcecode.swift; path = ProfileDetailView.swift; sourceTree = "<group>"; };
		0599B4043D02D3CFFD41171F /* ShareProfileSheet.swift */ = {isa = PBXFileReference; lastKnownFileType = sourcecode.swift; path = ShareProfileSheet.swift; sourceTree = "<group>"; };
		167AA6BF5AB6B0FFC3E7E22D /* FavoritesView.swift */ = {isa = PBXFileReference; lastKnownFileType = sourcecode.swift; path = FavoritesView.swift; sourceTree = "<group>"; };
		85EE00D21849952809217BBC /* FinderView.swift */ = {isa = PBXFileReference; lastKnownFileType = sourcecode.swift; path = FinderView.swift; sourceTree = "<group>"; };
		35FE8AFED46DB67A83C03861 /* SiteDetailView.swift */ = {isa = PBXFileReference; lastKnownFileType = sourcecode.swift; path = SiteDetailView.swift; sourceTree = "<group>"; };
		AF4625768FF995C7776C3BB2 /* AddRecordView.swift */ = {isa = PBXFileReference; lastKnownFileType = sourcecode.swift; path = AddRecordView.swift; sourceTree = "<group>"; };
				A1B2C3D4E5F6789012345601 /* RecordDetailView.swift */,
				A1B2C3D4E5F6789012345603 /* AddSideEffectView.swift */,
				A1B2C3D4E5F6789012345605 /* QRScannerView.swift */,
		A1B2C3D4E5F6789012345601 /* RecordDetailView.swift */ = {isa = PBXFileReference; lastKnownFileType = sourcecode.swift; path = RecordDetailView.swift; sourceTree = "<group>"; };
		A1B2C3D4E5F6789012345603 /* AddSideEffectView.swift */ = {isa = PBXFileReference; lastKnownFileType = sourcecode.swift; path = AddSideEffectView.swift; sourceTree = "<group>"; };
		A1B2C3D4E5F6789012345605 /* QRScannerView.swift */ = {isa = PBXFileReference; lastKnownFileType = sourcecode.swift; path = QRScannerView.swift; sourceTree = "<group>"; };
		0F060CD3A311B0E8C25094C8 /* RecordsView.swift */ = {isa = PBXFileReference; lastKnownFileType = sourcecode.swift; path = RecordsView.swift; sourceTree = "<group>"; };
		5066505EF683798B0A4951F5 /* SettingsView.swift */ = {isa = PBXFileReference; lastKnownFileType = sourcecode.swift; path = SettingsView.swift; sourceTree = "<group>"; };
		72F7F7A040B3588A24E75CDC /* LockScreenView.swift */ = {isa = PBXFileReference; lastKnownFileType = sourcecode.swift; path = LockScreenView.swift; sourceTree = "<group>"; };
		8B3ACE88D7E3C26F4DDB8ECB /* MainTabView.swift */ = {isa = PBXFileReference; lastKnownFileType = sourcecode.swift; path = MainTabView.swift; sourceTree = "<group>"; };
		9F4A759B350CB835CC047FCC /* TravelView.swift */ = {isa = PBXFileReference; lastKnownFileType = sourcecode.swift; path = TravelView.swift; sourceTree = "<group>"; };
/* End PBXFileReference section */

/* Begin PBXGroup section */
		CCB204E64F582A13E468BDE7 /* Root */ = {
			isa = PBXGroup;
			children = (
				780E0EEEA1B792693A666313 /* VaxNear */,
				A5600B63F1E15FCFB05F24E7 /* Products */,
			);
			name = Root;
			sourceTree = "<group>";
		};
		A5600B63F1E15FCFB05F24E7 /* Products */ = {
			isa = PBXGroup;
			children = (
				0BB187473ED8E8AF1380A2C0 /* VaxNear.app */,
			);
			name = Products;
			sourceTree = "<group>";
		};
		780E0EEEA1B792693A666313 /* VaxNear */ = {
			isa = PBXGroup;
			children = (
				00081A045B18030AA80043FB /* Assets.xcassets */,
				622F76F5D91B0FC1C6C3FBB6 /* Info.plist */,
				759A4D94CBA64179849E954E /* VaxNear.entitlements */,
				8B0E687566BCC96E82D09265 /* VaxNearApp.swift */,
				C9E04F99D8E7C9D4D391AEF8 /* Models */,
				AE59D88C5460D2413CB142C1 /* Resources */,
				9C035E7454E6255EF4EA445C /* Services */,
				32120412CDF92CE44C01AF8D /* Utilities */,
				EE1E649591DBDF61DE2E4396 /* ViewModels */,
				9F58BDF7D4F04F6C4DC3CB6C /* Views */,
			);
			path = VaxNear;
			sourceTree = "<group>";
		};
		C9E04F99D8E7C9D4D391AEF8 /* Models */ = {
			isa = PBXGroup;
			children = (
				9DD5706072CEC19F80A9D981 /* AppSettings.swift */,
				47C12DBF0450B53587FDD0E7 /* FamilyProfile.swift */,
				3706FCEFCE38F65B16F6A9E8 /* SavedLocation.swift */,
				A08F142F0FCE498EAAB586C8 /* ScheduledReminder.swift */,
				EB131F287F5800F757DDF9AD /* SideEffectLog.swift */,
				1BE0C50C8F0C3A46A55D58ED /* TravelPlan.swift */,
				DB8E3C76BF415F5A51898C45 /* VaccinationRecord.swift */,
				EFE332FD6A0C433D214DB9E6 /* VaccineSite.swift */,
			);
			path = Models;
			sourceTree = "<group>";
		};
		AE59D88C5460D2413CB142C1 /* Resources */ = {
			isa = PBXGroup;
			children = (
				E2A5C79F22FA536BB4603567 /* CDCData */,
			);
			path = Resources;
			sourceTree = "<group>";
		};
		E2A5C79F22FA536BB4603567 /* CDCData */ = {
			isa = PBXGroup;
			children = (
				4C4E193B5175E0B8259CDA6A /* adult_schedule.json */,
				43A6AA2D5E09399D02F3A15D /* childhood_schedule.json */,
				C9F86B455693A12BDD2F99AD /* travel_vaccines.json */,
				AC251CD71D10AB58C95EFB5C /* vaccine_database.json */,
			);
			path = CDCData;
			sourceTree = "<group>";
		};
		9C035E7454E6255EF4EA445C /* Services */ = {
			isa = PBXGroup;
			children = (
				72F6371D764A6F9A19C3AD14 /* CDCDataManager.swift */,
				98B88534B2E59865383910D9 /* DataExportService.swift */,
				0E3DF1D3D98BFD34754BF05F /* HealthKitManager.swift */,
				A1B2C3D4E5F60001 /* SyncManager.swift */,
				21645143130B47088F64071F /* LocationManager.swift */,
				930711783BB9C5A268D99AE5 /* NotificationManager.swift */,
				5FF9A0982DABF7ABB4D81C96 /* VaccineSiteFinderService.swift */,
				E3063922AA181F6AB286C496 /* WalletPassManager.swift */,
			);
			path = Services;
			sourceTree = "<group>";
		};
		32120412CDF92CE44C01AF8D /* Utilities */ = {
			isa = PBXGroup;
			children = (
				D88D7A17AFAD7ADBA3E7E4B9 /* ProfileColors.swift */,
			);
			path = Utilities;
			sourceTree = "<group>";
		};
		EE1E649591DBDF61DE2E4396 /* ViewModels */ = {
			isa = PBXGroup;
			children = (
				BB35167D99D26B71BB9EDFD4 /* FinderViewModel.swift */,
			);
			path = ViewModels;
			sourceTree = "<group>";
		};
		9F58BDF7D4F04F6C4DC3CB6C /* Views */ = {
			isa = PBXGroup;
			children = (
				16F622CC96E18EF101040918 /* Family */,
				BEDF451EC9BF5EEDD05F28AF /* Finder */,
				BAD11E1691D1FFB8FF8BF918 /* Onboarding */,
				59682FA6B1655454EF4F8810 /* Records */,
				73DA933AC0B9799DE29FB4A6 /* Settings */,
				9B8EA7C3EDD85BDD3B598AA8 /* Shared */,
				7D7CDE73C62F7D6FC096D678 /* Travel */,
			);
			path = Views;
			sourceTree = "<group>";
		};
		16F622CC96E18EF101040918 /* Family */ = {
			isa = PBXGroup;
			children = (
				2D5A00C1B16CC55DF144A2C1 /* AddEditProfileView.swift */,
				F9B40AB27F5569CA82327A9D /* ChildImmunizationScheduleView.swift */,
				443EEC6BDBF50CC56C8B9ADD /* FamilyProfilesView.swift */,
				3D6C758570A3545B4E269E97 /* ProfileDetailView.swift */,
				0599B4043D02D3CFFD41171F /* ShareProfileSheet.swift */,
			);
			path = Family;
			sourceTree = "<group>";
		};
		BEDF451EC9BF5EEDD05F28AF /* Finder */ = {
			isa = PBXGroup;
			children = (
				167AA6BF5AB6B0FFC3E7E22D /* FavoritesView.swift */,
				85EE00D21849952809217BBC /* FinderView.swift */,
				35FE8AFED46DB67A83C03861 /* SiteDetailView.swift */,
			);
			path = Finder;
			sourceTree = "<group>";
		};
		59682FA6B1655454EF4F8810 /* Records */ = {
			isa = PBXGroup;
			children = (
				AF4625768FF995C7776C3BB2 /* AddRecordView.swift */,
				A1B2C3D4E5F6789012345601 /* RecordDetailView.swift */,
				A1B2C3D4E5F6789012345603 /* AddSideEffectView.swift */,
				A1B2C3D4E5F6789012345605 /* QRScannerView.swift */,
				0F060CD3A311B0E8C25094C8 /* RecordsView.swift */,
			);
			path = Records;
			sourceTree = "<group>";
		};
		73DA933AC0B9799DE29FB4A6 /* Settings */ = {
			isa = PBXGroup;
			children = (
				5066505EF683798B0A4951F5 /* SettingsView.swift */,
			);
			path = Settings;
			sourceTree = "<group>";
		};
		9B8EA7C3EDD85BDD3B598AA8 /* Shared */ = {
			isa = PBXGroup;
			children = (
				72F7F7A040B3588A24E75CDC /* LockScreenView.swift */,
				8B3ACE88D7E3C26F4DDB8ECB /* MainTabView.swift */,
			);
			path = Shared;
			sourceTree = "<group>";
		};
		7D7CDE73C62F7D6FC096D678 /* Travel */ = {
			isa = PBXGroup;
			children = (
				9F4A759B350CB835CC047FCC /* TravelView.swift */,
			);
			path = Travel;
			sourceTree = "<group>";
		};
		BAD11E1691D1FFB8FF8BF918 /* Onboarding */ = {
			isa = PBXGroup;
			children = (
				5CA15E86E7586D2A1CA7CA00 /* .gitkeep */,
			);
			path = Onboarding;
			sourceTree = "<group>";
		};
/* End PBXGroup section */

/* Begin PBXNativeTarget section */
		8B7DA47E6DF18BFA18621268 /* VaxNear */ = {
			isa = PBXNativeTarget;
			buildConfigurationList = 1442A5CD483E158B0D71699F /* Build configuration list for PBXNativeTarget "VaxNear" */;
			buildPhases = (
				BD742BAA69E628CAECA5381C /* Sources */,
				D33BA347F272BC4443B8C4B6 /* Resources */,
			);
			buildRules = (
			);
			dependencies = (
			);
			name = VaxNear;
			packageProductDependencies = (
			);
			productName = VaxNear;
			productReference = 0BB187473ED8E8AF1380A2C0 /* VaxNear.app */;
			productType = "com.apple.product-type.application";
		};
/* End PBXNativeTarget section */

/* Begin PBXProject section */
		2F6F4ADFB43247A3901EBABF /* Project object */ = {
			isa = PBXProject;
			attributes = {
				BuildIndependentTargetsInParallel = YES;
				LastUpgradeCheck = 1600;
			};
			buildConfigurationList = A2DA524736CE1EA16A87F319 /* Build configuration list for PBXProject "VaxNear" */;
			compatibilityVersion = "Xcode 14.0";
			developmentRegion = en;
			hasScannedForEncodings = 0;
			knownRegions = (
				Base,
				en,
			);
			mainGroup = CCB204E64F582A13E468BDE7;
			minimizedProjectReferenceProxies = 1;
			preferredProjectObjectVersion = 77;
			projectDirPath = "";
			projectRoot = "";
			targets = (
				8B7DA47E6DF18BFA18621268 /* VaxNear */,
			);
		};
/* End PBXProject section */

/* Begin PBXResourcesBuildPhase section */
		D33BA347F272BC4443B8C4B6 /* Resources */ = {
			isa = PBXResourcesBuildPhase;
			buildActionMask = 2147483647;
			files = (
				06A57BA81EE9D1246666B8D5 /* Assets.xcassets in Resources */,
				BC13483CD7092FD43759E702 /* adult_schedule.json in Resources */,
				B733366798A647A8D37B906D /* childhood_schedule.json in Resources */,
				27B5057149CA2A5D53C6F3FA /* travel_vaccines.json in Resources */,
				40FF9EA4349F641324EBF3A1 /* vaccine_database.json in Resources */,
			);
			runOnlyForDeploymentPostprocessing = 0;
		};
/* End PBXResourcesBuildPhase section */

/* Begin PBXSourcesBuildPhase section */
		BD742BAA69E628CAECA5381C /* Sources */ = {
			isa = PBXSourcesBuildPhase;
			buildActionMask = 2147483647;
			files = (
				55B39C71917032A03813FE38 /* AppSettings.swift in Sources */,
				359E6E6061B28C56406E7574 /* FamilyProfile.swift in Sources */,
				E1F220B4F9ECE2C09F3C06B5 /* SavedLocation.swift in Sources */,
				C81606FB5087F7D62997B3DD /* ScheduledReminder.swift in Sources */,
				93E1476B3CE919D0A4F7FA86 /* SideEffectLog.swift in Sources */,
				FF1704FBBF66572CF41ABE17 /* TravelPlan.swift in Sources */,
				7CE3FA5858ADD78C66CD0AA2 /* VaccinationRecord.swift in Sources */,
				08899050CE9B09C34791222D /* VaccineSite.swift in Sources */,
				D154B89E7DF92B77C87AF461 /* CDCDataManager.swift in Sources */,
				CBE89DBB02743107AF90A6F4 /* DataExportService.swift in Sources */,
				F3FFAFD12E7E091D5D353D52 /* HealthKitManager.swift in Sources */,
				A1B2C3D4E5F60002 /* SyncManager.swift in Sources */,
				06F39D947BEF816879D76FF5 /* LocationManager.swift in Sources */,
				A5A2EC77983617AA949D2D9E /* NotificationManager.swift in Sources */,
				5B8469F397E921D3C2AC2A70 /* VaccineSiteFinderService.swift in Sources */,
				D12E4102FE2ED9B71D0CAE80 /* WalletPassManager.swift in Sources */,
				54C3477A81EA78008E6CFCD8 /* ProfileColors.swift in Sources */,
				E127AA6C9D0A5B8D7D875612 /* VaxNearApp.swift in Sources */,
				4F4DA44F847BCF6026B09B3A /* FinderViewModel.swift in Sources */,
				BC4393A98E02572F1F82F756 /* AddEditProfileView.swift in Sources */,
				D4930253311EA4B43A57A842 /* ChildImmunizationScheduleView.swift in Sources */,
				EF3D2420DEB4AD9B2C4971F9 /* FamilyProfilesView.swift in Sources */,
				D30A8C5580A24053CEDFB384 /* ProfileDetailView.swift in Sources */,
				C0D248F23F642BBA46E7C647 /* ShareProfileSheet.swift in Sources */,
				71AF269444B6FA9B316636F8 /* FavoritesView.swift in Sources */,
				14990F68B1361F0B7FCCE84F /* FinderView.swift in Sources */,
				41E3E6B5C7CE0F1E652F6362 /* SiteDetailView.swift in Sources */,
				185AFEB2F9C5E883E4173255 /* AddRecordView.swift in Sources */,
				A1B2C3D4E5F6789012345602 /* RecordDetailView.swift in Sources */,
				A1B2C3D4E5F6789012345604 /* AddSideEffectView.swift in Sources */,
				A1B2C3D4E5F6789012345606 /* QRScannerView.swift in Sources */,
		A1B2C3D4E5F6789012345602 /* RecordDetailView.swift in Sources */ = {isa = PBXBuildFile; fileRef = A1B2C3D4E5F6789012345601 /* RecordDetailView.swift */; };
		A1B2C3D4E5F6789012345604 /* AddSideEffectView.swift in Sources */ = {isa = PBXBuildFile; fileRef = A1B2C3D4E5F6789012345603 /* AddSideEffectView.swift */; };
		A1B2C3D4E5F6789012345606 /* QRScannerView.swift in Sources */ = {isa = PBXBuildFile; fileRef = A1B2C3D4E5F6789012345605 /* QRScannerView.swift */; };
				F3E5570E23248C1A1E39DC86 /* RecordsView.swift in Sources */,
				BBA4AA96F1D30A490BA703F5 /* SettingsView.swift in Sources */,
				D0F2002B63F04B12D95E1BE4 /* LockScreenView.swift in Sources */,
				CF743982BB00FD8CAB23E51C /* MainTabView.swift in Sources */,
				6010BA52BDE0349BE3630701 /* TravelView.swift in Sources */,
			);
			runOnlyForDeploymentPostprocessing = 0;
		};
/* End PBXSourcesBuildPhase section */

/* Begin XCBuildConfiguration section */
		4D365E40F840F000B357DA42 /* Debug */ = {
			isa = XCBuildConfiguration;
			buildSettings = {
				ASSETCATALOG_COMPILER_APPICON_NAME = AppIcon;
				ASSETCATALOG_COMPILER_GLOBAL_ACCENT_COLOR_NAME = AccentColor;
				CODE_SIGN_ENTITLEMENTS = VaxNear/VaxNear.entitlements;
				CODE_SIGN_IDENTITY = "iPhone Developer";
				CURRENT_PROJECT_VERSION = 1;
				INFOPLIST_FILE = VaxNear/Info.plist;
				LD_RUNPATH_SEARCH_PATHS = (
					"$(inherited)",
					"@executable_path/Frameworks",
				);
				MARKETING_VERSION = 1.0.0;
				PRODUCT_BUNDLE_IDENTIFIER = com.chadnewbry.vaxnear;
				SDKROOT = iphoneos;
				SWIFT_VERSION = 5.9;
				TARGETED_DEVICE_FAMILY = "1,2";
			};
			name = Debug;
		};
		276E0C3CAFB0E78699AF810B /* Release */ = {
			isa = XCBuildConfiguration;
			buildSettings = {
				ASSETCATALOG_COMPILER_APPICON_NAME = AppIcon;
				ASSETCATALOG_COMPILER_GLOBAL_ACCENT_COLOR_NAME = AccentColor;
				CODE_SIGN_ENTITLEMENTS = VaxNear/VaxNear.entitlements;
				CODE_SIGN_IDENTITY = "iPhone Developer";
				CURRENT_PROJECT_VERSION = 1;
				INFOPLIST_FILE = VaxNear/Info.plist;
				LD_RUNPATH_SEARCH_PATHS = (
					"$(inherited)",
					"@executable_path/Frameworks",
				);
				MARKETING_VERSION = 1.0.0;
				PRODUCT_BUNDLE_IDENTIFIER = com.chadnewbry.vaxnear;
				SDKROOT = iphoneos;
				SWIFT_VERSION = 5.9;
				TARGETED_DEVICE_FAMILY = "1,2";
			};
			name = Release;
		};
		64208F071FADF632D1DE6BC6 /* Debug */ = {
			isa = XCBuildConfiguration;
			buildSettings = {
				ALWAYS_SEARCH_USER_PATHS = NO;
				CLANG_ANALYZER_NONNULL = YES;
				CLANG_ANALYZER_NUMBER_OBJECT_CONVERSION = YES_AGGRESSIVE;
				CLANG_CXX_LANGUAGE_STANDARD = "gnu++14";
				CLANG_CXX_LIBRARY = "libc++";
				CLANG_ENABLE_MODULES = YES;
				CLANG_ENABLE_OBJC_ARC = YES;
				CLANG_ENABLE_OBJC_WEAK = YES;
				CLANG_WARN_BLOCK_CAPTURE_AUTORELEASING = YES;
				CLANG_WARN_BOOL_CONVERSION = YES;
				CLANG_WARN_COMMA = YES;
				CLANG_WARN_CONSTANT_CONVERSION = YES;
				CLANG_WARN_DEPRECATED_OBJC_IMPLEMENTATIONS = YES;
				CLANG_WARN_DIRECT_OBJC_ISA_USAGE = YES_ERROR;
				CLANG_WARN_DOCUMENTATION_COMMENTS = YES;
				CLANG_WARN_EMPTY_BODY = YES;
				CLANG_WARN_ENUM_CONVERSION = YES;
				CLANG_WARN_INFINITE_RECURSION = YES;
				CLANG_WARN_INT_CONVERSION = YES;
				CLANG_WARN_NON_LITERAL_NULL_CONVERSION = YES;
				CLANG_WARN_OBJC_IMPLICIT_RETAIN_SELF = YES;
				CLANG_WARN_OBJC_LITERAL_CONVERSION = YES;
				CLANG_WARN_OBJC_ROOT_CLASS = YES_ERROR;
				CLANG_WARN_QUOTED_INCLUDE_IN_FRAMEWORK_HEADER = YES;
				CLANG_WARN_RANGE_LOOP_ANALYSIS = YES;
				CLANG_WARN_STRICT_PROTOTYPES = YES;
				CLANG_WARN_SUSPICIOUS_MOVE = YES;
				CLANG_WARN_UNGUARDED_AVAILABILITY = YES_AGGRESSIVE;
				CLANG_WARN_UNREACHABLE_CODE = YES;
				CLANG_WARN__DUPLICATE_METHOD_MATCH = YES;
				COPY_PHASE_STRIP = NO;
				DEBUG_INFORMATION_FORMAT = dwarf;
				ENABLE_STRICT_OBJC_MSGSEND = YES;
				ENABLE_TESTABILITY = YES;
				GCC_C_LANGUAGE_STANDARD = gnu11;
				GCC_DYNAMIC_NO_PIC = NO;
				GCC_NO_COMMON_BLOCKS = YES;
				GCC_OPTIMIZATION_LEVEL = 0;
				GCC_PREPROCESSOR_DEFINITIONS = (
					"$(inherited)",
					"DEBUG=1",
				);
				GCC_WARN_64_TO_32_BIT_CONVERSION = YES;
				GCC_WARN_ABOUT_RETURN_TYPE = YES_ERROR;
				GCC_WARN_UNDECLARED_SELECTOR = YES;
				GCC_WARN_UNINITIALIZED_AUTOS = YES_AGGRESSIVE;
				GCC_WARN_UNUSED_FUNCTION = YES;
				GCC_WARN_UNUSED_VARIABLE = YES;
				IPHONEOS_DEPLOYMENT_TARGET = 17.0;
				MTL_ENABLE_DEBUG_INFO = INCLUDE_SOURCE;
				MTL_FAST_MATH = YES;
				ONLY_ACTIVE_ARCH = YES;
				PRODUCT_NAME = "$(TARGET_NAME)";
				SDKROOT = iphoneos;
				SWIFT_ACTIVE_COMPILATION_CONDITIONS = DEBUG;
				SWIFT_OPTIMIZATION_LEVEL = "-Onone";
				SWIFT_VERSION = 5.0;
			};
			name = Debug;
		};
		A9FE97E2E9E2EBDA4F3CA1B9 /* Release */ = {
			isa = XCBuildConfiguration;
			buildSettings = {
				ALWAYS_SEARCH_USER_PATHS = NO;
				CLANG_ANALYZER_NONNULL = YES;
				CLANG_ANALYZER_NUMBER_OBJECT_CONVERSION = YES_AGGRESSIVE;
				CLANG_CXX_LANGUAGE_STANDARD = "gnu++14";
				CLANG_CXX_LIBRARY = "libc++";
				CLANG_ENABLE_MODULES = YES;
				CLANG_ENABLE_OBJC_ARC = YES;
				CLANG_ENABLE_OBJC_WEAK = YES;
				CLANG_WARN_BLOCK_CAPTURE_AUTORELEASING = YES;
				CLANG_WARN_BOOL_CONVERSION = YES;
				CLANG_WARN_COMMA = YES;
				CLANG_WARN_CONSTANT_CONVERSION = YES;
				CLANG_WARN_DEPRECATED_OBJC_IMPLEMENTATIONS = YES;
				CLANG_WARN_DIRECT_OBJC_ISA_USAGE = YES_ERROR;
				CLANG_WARN_DOCUMENTATION_COMMENTS = YES;
				CLANG_WARN_EMPTY_BODY = YES;
				CLANG_WARN_ENUM_CONVERSION = YES;
				CLANG_WARN_INFINITE_RECURSION = YES;
				CLANG_WARN_INT_CONVERSION = YES;
				CLANG_WARN_NON_LITERAL_NULL_CONVERSION = YES;
				CLANG_WARN_OBJC_IMPLICIT_RETAIN_SELF = YES;
				CLANG_WARN_OBJC_LITERAL_CONVERSION = YES;
				CLANG_WARN_OBJC_ROOT_CLASS = YES_ERROR;
				CLANG_WARN_QUOTED_INCLUDE_IN_FRAMEWORK_HEADER = YES;
				CLANG_WARN_RANGE_LOOP_ANALYSIS = YES;
				CLANG_WARN_STRICT_PROTOTYPES = YES;
				CLANG_WARN_SUSPICIOUS_MOVE = YES;
				CLANG_WARN_UNGUARDED_AVAILABILITY = YES_AGGRESSIVE;
				CLANG_WARN_UNREACHABLE_CODE = YES;
				CLANG_WARN__DUPLICATE_METHOD_MATCH = YES;
				COPY_PHASE_STRIP = NO;
				DEBUG_INFORMATION_FORMAT = "dwarf-with-dsym";
				ENABLE_NS_ASSERTIONS = NO;
				ENABLE_STRICT_OBJC_MSGSEND = YES;
				GCC_C_LANGUAGE_STANDARD = gnu11;
				GCC_NO_COMMON_BLOCKS = YES;
				GCC_WARN_64_TO_32_BIT_CONVERSION = YES;
				GCC_WARN_ABOUT_RETURN_TYPE = YES_ERROR;
				GCC_WARN_UNDECLARED_SELECTOR = YES;
				GCC_WARN_UNINITIALIZED_AUTOS = YES_AGGRESSIVE;
				GCC_WARN_UNUSED_FUNCTION = YES;
				GCC_WARN_UNUSED_VARIABLE = YES;
				IPHONEOS_DEPLOYMENT_TARGET = 17.0;
				MTL_ENABLE_DEBUG_INFO = NO;
				MTL_FAST_MATH = YES;
				PRODUCT_NAME = "$(TARGET_NAME)";
				SDKROOT = iphoneos;
				SWIFT_COMPILATION_MODE = wholemodule;
				SWIFT_OPTIMIZATION_LEVEL = "-O";
				SWIFT_VERSION = 5.0;
			};
			name = Release;
		};
/* End XCBuildConfiguration section */

/* Begin XCConfigurationList section */
		1442A5CD483E158B0D71699F /* Build configuration list for PBXNativeTarget "VaxNear" */ = {
			isa = XCConfigurationList;
			buildConfigurations = (
				4D365E40F840F000B357DA42 /* Debug */,
				276E0C3CAFB0E78699AF810B /* Release */,
			);
			defaultConfigurationIsVisible = 0;
			defaultConfigurationName = Debug;
		};
		A2DA524736CE1EA16A87F319 /* Build configuration list for PBXProject "VaxNear" */ = {
			isa = XCConfigurationList;
			buildConfigurations = (
				64208F071FADF632D1DE6BC6 /* Debug */,
				A9FE97E2E9E2EBDA4F3CA1B9 /* Release */,
			);
			defaultConfigurationIsVisible = 0;
			defaultConfigurationName = Debug;
		};
/* End XCConfigurationList section */
	};
	rootObject = 2F6F4ADFB43247A3901EBABF /* Project object */;
}
